
Microsoft Visual Studio Solution File, Format Version 12.00
# Visual Studio 14
VisualStudioVersion = 14.0.23107.0
MinimumVisualStudioVersion = 10.0.40219.1
Project("{FAE04EC0-301F-11D3-BF4B-00C04F79EFBC}") = "ChatBubble v1.0", "ChatBubble v1.0\ChatBubble v1.0.csproj", "{C58FFB9D-208F-425A-A68D-79268B3DDFA4}"
EndProject
Global
	GlobalSection(SolutionConfigurationPlatforms) = preSolution
		Debug|Any CPU = Debug|Any CPU
		Release|Any CPU = Release|Any CPU
	EndGlobalSection
	GlobalSection(ProjectConfigurationPlatforms) = postSolution
		{C58FFB9D-208F-425A-A68D-79268B3DDFA4}.Debug|Any CPU.ActiveCfg = Debug|Any CPU
		{C58FFB9D-208F-425A-A68D-79268B3DDFA4}.Debug|Any CPU.Build.0 = Debug|Any CPU
		{C58FFB9D-208F-425A-A68D-79268B3DDFA4}.Release|Any CPU.ActiveCfg = Release|Any CPU
		{C58FFB9D-208F-425A-A68D-79268B3DDFA4}.Release|Any CPU.Build.0 = Release|Any CPU
	EndGlobalSection
	GlobalSection(SolutionProperties) = preSolution
		HideSolutionNode = FALSE
	EndGlobalSection
EndGlobal
