
Microsoft Visual Studio Solution File, Format Version 12.00
# Visual Studio Version 16
VisualStudioVersion = 16.0.28729.10
MinimumVisualStudioVersion = 10.0.40219.1
Project("{FAE04EC0-301F-11D3-BF4B-00C04F79EFBC}") = "ChatBubbleServer", "ChatBubbleServer\ChatBubbleServer\ChatBubbleServer.csproj", "{524276F5-4486-4FA3-8204-DA4DD0C11920}"
EndProject
Project("{9A19103F-16F7-4668-BE54-9A1E7A4F7556}") = "ChatBubble.NetComponents", "ChatBubble.NetComponents\ChatBubble.NetComponents.csproj", "{D0B50736-9975-409A-8663-9D0B425DE592}"
EndProject
Project("{FAE04EC0-301F-11D3-BF4B-00C04F79EFBC}") = "ChatBubbleClient", "ChatBubbleClient\ChatBubbleClient\ChatBubbleClient.csproj", "{C58FFB9D-208F-425A-A68D-79268B3DDFA4}"
EndProject
Project("{FAE04EC0-301F-11D3-BF4B-00C04F79EFBC}") = "ChatBubbleClientWPF", "ChatBubbleClientWPF\ChatBubbleClientWPF.csproj", "{8FCA61D5-B4F9-4DEA-92AC-EB6FF84A70E5}"
EndProject
Project("{9A19103F-16F7-4668-BE54-9A1E7A4F7556}") = "ChatBubble.ClientAPI", "ClientAPI\ChatBubble.ClientAPI.csproj", "{9C573BEC-26B2-4618-8B0E-B1730957891A}"
EndProject
Project("{9A19103F-16F7-4668-BE54-9A1E7A4F7556}") = "ChatBubble.SharedAPI", "ChatBubble.SharedAPI\ChatBubble.SharedAPI.csproj", "{EF381F15-CD88-4F7A-8CD9-04FBE8973E2C}"
EndProject
Project("{9A19103F-16F7-4668-BE54-9A1E7A4F7556}") = "ChatBubble.ServerAPI", "ChatBubble.ServerAPI\ChatBubble.ServerAPI.csproj", "{420F8E3F-44F3-435D-93B3-0280FF2FD3A3}"
EndProject
Project("{9A19103F-16F7-4668-BE54-9A1E7A4F7556}") = "ChatBubble.FileIOStreamer", "ChatBubble.FileIOStreamer\ChatBubble.FileIOStreamer.csproj", "{5BBF6624-2045-413A-B6F9-DCF5343DDD80}"
EndProject
Project("{FAE04EC0-301F-11D3-BF4B-00C04F79EFBC}") = "ChatBubble.FileManager", "ChatBubble.FileManager\ChatBubble.FileManager.csproj", "{478D41F0-200C-44E9-80C4-3B403EBA5524}"
EndProject
Global
	GlobalSection(SolutionConfigurationPlatforms) = preSolution
		Debug|Any CPU = Debug|Any CPU
		Release|Any CPU = Release|Any CPU
	EndGlobalSection
	GlobalSection(ProjectConfigurationPlatforms) = postSolution
		{524276F5-4486-4FA3-8204-DA4DD0C11920}.Debug|Any CPU.ActiveCfg = Debug|Any CPU
		{524276F5-4486-4FA3-8204-DA4DD0C11920}.Debug|Any CPU.Build.0 = Debug|Any CPU
		{524276F5-4486-4FA3-8204-DA4DD0C11920}.Release|Any CPU.ActiveCfg = Release|Any CPU
		{524276F5-4486-4FA3-8204-DA4DD0C11920}.Release|Any CPU.Build.0 = Release|Any CPU
		{D0B50736-9975-409A-8663-9D0B425DE592}.Debug|Any CPU.ActiveCfg = Debug|Any CPU
		{D0B50736-9975-409A-8663-9D0B425DE592}.Debug|Any CPU.Build.0 = Debug|Any CPU
		{D0B50736-9975-409A-8663-9D0B425DE592}.Release|Any CPU.ActiveCfg = Release|Any CPU
		{D0B50736-9975-409A-8663-9D0B425DE592}.Release|Any CPU.Build.0 = Release|Any CPU
		{C58FFB9D-208F-425A-A68D-79268B3DDFA4}.Debug|Any CPU.ActiveCfg = Debug|Any CPU
		{C58FFB9D-208F-425A-A68D-79268B3DDFA4}.Debug|Any CPU.Build.0 = Debug|Any CPU
		{C58FFB9D-208F-425A-A68D-79268B3DDFA4}.Release|Any CPU.ActiveCfg = Release|Any CPU
		{C58FFB9D-208F-425A-A68D-79268B3DDFA4}.Release|Any CPU.Build.0 = Release|Any CPU
		{8FCA61D5-B4F9-4DEA-92AC-EB6FF84A70E5}.Debug|Any CPU.ActiveCfg = Debug|Any CPU
		{8FCA61D5-B4F9-4DEA-92AC-EB6FF84A70E5}.Debug|Any CPU.Build.0 = Debug|Any CPU
		{8FCA61D5-B4F9-4DEA-92AC-EB6FF84A70E5}.Release|Any CPU.ActiveCfg = Release|Any CPU
		{8FCA61D5-B4F9-4DEA-92AC-EB6FF84A70E5}.Release|Any CPU.Build.0 = Release|Any CPU
		{9C573BEC-26B2-4618-8B0E-B1730957891A}.Debug|Any CPU.ActiveCfg = Debug|Any CPU
		{9C573BEC-26B2-4618-8B0E-B1730957891A}.Debug|Any CPU.Build.0 = Debug|Any CPU
		{9C573BEC-26B2-4618-8B0E-B1730957891A}.Release|Any CPU.ActiveCfg = Release|Any CPU
		{9C573BEC-26B2-4618-8B0E-B1730957891A}.Release|Any CPU.Build.0 = Release|Any CPU
		{EF381F15-CD88-4F7A-8CD9-04FBE8973E2C}.Debug|Any CPU.ActiveCfg = Debug|Any CPU
		{EF381F15-CD88-4F7A-8CD9-04FBE8973E2C}.Debug|Any CPU.Build.0 = Debug|Any CPU
		{EF381F15-CD88-4F7A-8CD9-04FBE8973E2C}.Release|Any CPU.ActiveCfg = Release|Any CPU
		{EF381F15-CD88-4F7A-8CD9-04FBE8973E2C}.Release|Any CPU.Build.0 = Release|Any CPU
		{420F8E3F-44F3-435D-93B3-0280FF2FD3A3}.Debug|Any CPU.ActiveCfg = Debug|Any CPU
		{420F8E3F-44F3-435D-93B3-0280FF2FD3A3}.Debug|Any CPU.Build.0 = Debug|Any CPU
		{420F8E3F-44F3-435D-93B3-0280FF2FD3A3}.Release|Any CPU.ActiveCfg = Release|Any CPU
		{420F8E3F-44F3-435D-93B3-0280FF2FD3A3}.Release|Any CPU.Build.0 = Release|Any CPU
		{5BBF6624-2045-413A-B6F9-DCF5343DDD80}.Debug|Any CPU.ActiveCfg = Debug|Any CPU
		{5BBF6624-2045-413A-B6F9-DCF5343DDD80}.Debug|Any CPU.Build.0 = Debug|Any CPU
		{5BBF6624-2045-413A-B6F9-DCF5343DDD80}.Release|Any CPU.ActiveCfg = Release|Any CPU
		{5BBF6624-2045-413A-B6F9-DCF5343DDD80}.Release|Any CPU.Build.0 = Release|Any CPU
		{478D41F0-200C-44E9-80C4-3B403EBA5524}.Debug|Any CPU.ActiveCfg = Debug|Any CPU
		{478D41F0-200C-44E9-80C4-3B403EBA5524}.Debug|Any CPU.Build.0 = Debug|Any CPU
		{478D41F0-200C-44E9-80C4-3B403EBA5524}.Release|Any CPU.ActiveCfg = Release|Any CPU
		{478D41F0-200C-44E9-80C4-3B403EBA5524}.Release|Any CPU.Build.0 = Release|Any CPU
	EndGlobalSection
	GlobalSection(SolutionProperties) = preSolution
		HideSolutionNode = FALSE
	EndGlobalSection
	GlobalSection(ExtensibilityGlobals) = postSolution
		SolutionGuid = {EBC837A5-F4CE-4AEC-BC3D-F2B1180FA162}
	EndGlobalSection
EndGlobal
